// !$*UTF8*$!
{
	archiveVersion = 1;
	classes = {
	};
	objectVersion = 46;
	objects = {

/* Begin PBXBuildFile section */
		174813CE1EFFFB8C00B58210 /* AppDelegate.swift in Sources */ = {isa = PBXBuildFile; fileRef = 174813CD1EFFFB8C00B58210 /* AppDelegate.swift */; };
		174813D01EFFFB8C00B58210 /* ViewController.swift in Sources */ = {isa = PBXBuildFile; fileRef = 174813CF1EFFFB8C00B58210 /* ViewController.swift */; };
		174813D31EFFFB8C00B58210 /* Main.storyboard in Resources */ = {isa = PBXBuildFile; fileRef = 174813D11EFFFB8C00B58210 /* Main.storyboard */; };
		174813D51EFFFB8C00B58210 /* Assets.xcassets in Resources */ = {isa = PBXBuildFile; fileRef = 174813D41EFFFB8C00B58210 /* Assets.xcassets */; };
		174813D81EFFFB8C00B58210 /* LaunchScreen.storyboard in Resources */ = {isa = PBXBuildFile; fileRef = 174813D61EFFFB8C00B58210 /* LaunchScreen.storyboard */; };
		174813E01F0003F700B58210 /* pokemon.csv in Resources */ = {isa = PBXBuildFile; fileRef = 174813DF1F0003F700B58210 /* pokemon.csv */; };
		174813E21F0004A400B58210 /* Pokemon.swift in Sources */ = {isa = PBXBuildFile; fileRef = 174813E11F0004A400B58210 /* Pokemon.swift */; };
		174813E51F000E6B00B58210 /* PokeCell.swift in Sources */ = {isa = PBXBuildFile; fileRef = 174813E41F000E6B00B58210 /* PokeCell.swift */; };
		174813E81F00158200B58210 /* csv.swift in Sources */ = {isa = PBXBuildFile; fileRef = 174813E71F00158200B58210 /* csv.swift */; };
		174813EB1F001BD500B58210 /* Pokemon Solid.ttf in Resources */ = {isa = PBXBuildFile; fileRef = 174813EA1F001BD500B58210 /* Pokemon Solid.ttf */; };
		174813F01F001E9400B58210 /* Game_Of_Thrones_Main_Title-576202.mp3 in Resources */ = {isa = PBXBuildFile; fileRef = 174813EF1F001E9400B58210 /* Game_Of_Thrones_Main_Title-576202.mp3 */; };
		174813F21F0025F100B58210 /* PokemonDetailVC.swift in Sources */ = {isa = PBXBuildFile; fileRef = 174813F11F0025F100B58210 /* PokemonDetailVC.swift */; };
		17EB9AED1F01525100A636F4 /* Constants.swift in Sources */ = {isa = PBXBuildFile; fileRef = 17EB9AEC1F01525100A636F4 /* Constants.swift */; };
		3E551E3EA50782E08BC8E2C0 /* Pods_UdemyPokeDecks.framework in Frameworks */ = {isa = PBXBuildFile; fileRef = 4550C545FC03FC0CF8182EB6 /* Pods_UdemyPokeDecks.framework */; };
/* End PBXBuildFile section */

/* Begin PBXFileReference section */
		174813CA1EFFFB8C00B58210 /* UdemyPokeDecks.app */ = {isa = PBXFileReference; explicitFileType = wrapper.application; includeInIndex = 0; path = UdemyPokeDecks.app; sourceTree = BUILT_PRODUCTS_DIR; };
		174813CD1EFFFB8C00B58210 /* AppDelegate.swift */ = {isa = PBXFileReference; lastKnownFileType = sourcecode.swift; path = AppDelegate.swift; sourceTree = "<group>"; };
		174813CF1EFFFB8C00B58210 /* ViewController.swift */ = {isa = PBXFileReference; lastKnownFileType = sourcecode.swift; path = ViewController.swift; sourceTree = "<group>"; };
		174813D21EFFFB8C00B58210 /* Base */ = {isa = PBXFileReference; lastKnownFileType = file.storyboard; name = Base; path = Base.lproj/Main.storyboard; sourceTree = "<group>"; };
		174813D41EFFFB8C00B58210 /* Assets.xcassets */ = {isa = PBXFileReference; lastKnownFileType = folder.assetcatalog; path = Assets.xcassets; sourceTree = "<group>"; };
		174813D71EFFFB8C00B58210 /* Base */ = {isa = PBXFileReference; lastKnownFileType = file.storyboard; name = Base; path = Base.lproj/LaunchScreen.storyboard; sourceTree = "<group>"; };
		174813D91EFFFB8C00B58210 /* Info.plist */ = {isa = PBXFileReference; lastKnownFileType = text.plist.xml; path = Info.plist; sourceTree = "<group>"; };
		174813DF1F0003F700B58210 /* pokemon.csv */ = {isa = PBXFileReference; fileEncoding = 4; lastKnownFileType = text; name = pokemon.csv; path = "../../../pokeapi-master/data/v1/pokemon.csv"; sourceTree = "<group>"; };
		174813E11F0004A400B58210 /* Pokemon.swift */ = {isa = PBXFileReference; fileEncoding = 4; lastKnownFileType = sourcecode.swift; path = Pokemon.swift; sourceTree = "<group>"; };
		174813E41F000E6B00B58210 /* PokeCell.swift */ = {isa = PBXFileReference; fileEncoding = 4; lastKnownFileType = sourcecode.swift; path = PokeCell.swift; sourceTree = "<group>"; };
		174813E71F00158200B58210 /* csv.swift */ = {isa = PBXFileReference; fileEncoding = 4; lastKnownFileType = sourcecode.swift; name = csv.swift; path = "../../../../Downloads/csvswift-master/csv.swift"; sourceTree = "<group>"; };
		174813EA1F001BD500B58210 /* Pokemon Solid.ttf */ = {isa = PBXFileReference; lastKnownFileType = file; name = "Pokemon Solid.ttf"; path = "../../../../Downloads/pokemon-2/Pokemon Solid.ttf"; sourceTree = "<group>"; };
		174813EF1F001E9400B58210 /* Game_Of_Thrones_Main_Title-576202.mp3 */ = {isa = PBXFileReference; lastKnownFileType = audio.mp3; name = "Game_Of_Thrones_Main_Title-576202.mp3"; path = "../../../../Downloads/Game_Of_Thrones_Main_Title-576202.mp3"; sourceTree = "<group>"; };
		174813F11F0025F100B58210 /* PokemonDetailVC.swift */ = {isa = PBXFileReference; fileEncoding = 4; lastKnownFileType = sourcecode.swift; path = PokemonDetailVC.swift; sourceTree = "<group>"; };
		17EB9AEC1F01525100A636F4 /* Constants.swift */ = {isa = PBXFileReference; fileEncoding = 4; lastKnownFileType = sourcecode.swift; path = Constants.swift; sourceTree = "<group>"; };
		4550C545FC03FC0CF8182EB6 /* Pods_UdemyPokeDecks.framework */ = {isa = PBXFileReference; explicitFileType = wrapper.framework; includeInIndex = 0; path = Pods_UdemyPokeDecks.framework; sourceTree = BUILT_PRODUCTS_DIR; };
		CAAAD7699E2F4389943DA858 /* Pods-UdemyPokeDecks.debug.xcconfig */ = {isa = PBXFileReference; includeInIndex = 1; lastKnownFileType = text.xcconfig; name = "Pods-UdemyPokeDecks.debug.xcconfig"; path = "Pods/Target Support Files/Pods-UdemyPokeDecks/Pods-UdemyPokeDecks.debug.xcconfig"; sourceTree = "<group>"; };
		FF42C9C5E7F77BE3AD2D4A2D /* Pods-UdemyPokeDecks.release.xcconfig */ = {isa = PBXFileReference; includeInIndex = 1; lastKnownFileType = text.xcconfig; name = "Pods-UdemyPokeDecks.release.xcconfig"; path = "Pods/Target Support Files/Pods-UdemyPokeDecks/Pods-UdemyPokeDecks.release.xcconfig"; sourceTree = "<group>"; };
/* End PBXFileReference section */

/* Begin PBXFrameworksBuildPhase section */
		174813C71EFFFB8C00B58210 /* Frameworks */ = {
			isa = PBXFrameworksBuildPhase;
			buildActionMask = 2147483647;
			files = (
				3E551E3EA50782E08BC8E2C0 /* Pods_UdemyPokeDecks.framework in Frameworks */,
			);
			runOnlyForDeploymentPostprocessing = 0;
		};
/* End PBXFrameworksBuildPhase section */

/* Begin PBXGroup section */
		174813C11EFFFB8C00B58210 = {
			isa = PBXGroup;
			children = (
				174813CC1EFFFB8C00B58210 /* UdemyPokeDecks */,
				174813CB1EFFFB8C00B58210 /* Products */,
				4E831D28AF6AB02470F563FF /* Pods */,
				5D252A7F8EAB05CB8F7D150B /* Frameworks */,
			);
			sourceTree = "<group>";
		};
		174813CB1EFFFB8C00B58210 /* Products */ = {
			isa = PBXGroup;
			children = (
				174813CA1EFFFB8C00B58210 /* UdemyPokeDecks.app */,
			);
			name = Products;
			sourceTree = "<group>";
		};
		174813CC1EFFFB8C00B58210 /* UdemyPokeDecks */ = {
			isa = PBXGroup;
			children = (
				174813EE1F001C2700B58210 /* Util */,
				174813E31F0004A800B58210 /* Model */,
				174813E61F000E7200B58210 /* View */,
				174813EC1F001BE600B58210 /* Controller */,
				174813ED1F001BED00B58210 /* Resources */,
			);
			path = UdemyPokeDecks;
			sourceTree = "<group>";
		};
		174813E31F0004A800B58210 /* Model */ = {
			isa = PBXGroup;
			children = (
				174813E11F0004A400B58210 /* Pokemon.swift */,
			);
			name = Model;
			sourceTree = "<group>";
		};
		174813E61F000E7200B58210 /* View */ = {
			isa = PBXGroup;
			children = (
				174813E41F000E6B00B58210 /* PokeCell.swift */,
			);
			name = View;
			sourceTree = "<group>";
		};
		174813EC1F001BE600B58210 /* Controller */ = {
			isa = PBXGroup;
			children = (
				174813CF1EFFFB8C00B58210 /* ViewController.swift */,
				174813F11F0025F100B58210 /* PokemonDetailVC.swift */,
			);
			name = Controller;
			sourceTree = "<group>";
		};
		174813ED1F001BED00B58210 /* Resources */ = {
			isa = PBXGroup;
			children = (
				174813EF1F001E9400B58210 /* Game_Of_Thrones_Main_Title-576202.mp3 */,
				174813DF1F0003F700B58210 /* pokemon.csv */,
				174813E71F00158200B58210 /* csv.swift */,
				174813EA1F001BD500B58210 /* Pokemon Solid.ttf */,
			);
			name = Resources;
			sourceTree = "<group>";
		};
		174813EE1F001C2700B58210 /* Util */ = {
			isa = PBXGroup;
			children = (
				174813CD1EFFFB8C00B58210 /* AppDelegate.swift */,
				174813D11EFFFB8C00B58210 /* Main.storyboard */,
				17EB9AEC1F01525100A636F4 /* Constants.swift */,
				174813D61EFFFB8C00B58210 /* LaunchScreen.storyboard */,
				174813D41EFFFB8C00B58210 /* Assets.xcassets */,
				174813D91EFFFB8C00B58210 /* Info.plist */,
			);
			name = Util;
			sourceTree = "<group>";
		};
		4E831D28AF6AB02470F563FF /* Pods */ = {
			isa = PBXGroup;
			children = (
				CAAAD7699E2F4389943DA858 /* Pods-UdemyPokeDecks.debug.xcconfig */,
				FF42C9C5E7F77BE3AD2D4A2D /* Pods-UdemyPokeDecks.release.xcconfig */,
			);
			name = Pods;
			sourceTree = "<group>";
		};
		5D252A7F8EAB05CB8F7D150B /* Frameworks */ = {
			isa = PBXGroup;
			children = (
				4550C545FC03FC0CF8182EB6 /* Pods_UdemyPokeDecks.framework */,
			);
			name = Frameworks;
			sourceTree = "<group>";
		};
/* End PBXGroup section */

/* Begin PBXNativeTarget section */
		174813C91EFFFB8C00B58210 /* UdemyPokeDecks */ = {
			isa = PBXNativeTarget;
			buildConfigurationList = 174813DC1EFFFB8C00B58210 /* Build configuration list for PBXNativeTarget "UdemyPokeDecks" */;
			buildPhases = (
				0C4FB5154117C36F85E70CCF /* [CP] Check Pods Manifest.lock */,
				174813C61EFFFB8C00B58210 /* Sources */,
				174813C71EFFFB8C00B58210 /* Frameworks */,
				174813C81EFFFB8C00B58210 /* Resources */,
				B822282FFBA494F494A869FF /* [CP] Embed Pods Frameworks */,
				9C59612C46376756CA1B17DD /* [CP] Copy Pods Resources */,
			);
			buildRules = (
			);
			dependencies = (
			);
			name = UdemyPokeDecks;
			productName = UdemyPokeDecks;
			productReference = 174813CA1EFFFB8C00B58210 /* UdemyPokeDecks.app */;
			productType = "com.apple.product-type.application";
		};
/* End PBXNativeTarget section */

/* Begin PBXProject section */
		174813C21EFFFB8C00B58210 /* Project object */ = {
			isa = PBXProject;
			attributes = {
				LastSwiftUpdateCheck = 0830;
				LastUpgradeCheck = 0830;
				ORGANIZATIONNAME = "Lily Hoffman";
				TargetAttributes = {
					174813C91EFFFB8C00B58210 = {
						CreatedOnToolsVersion = 8.3.3;
						DevelopmentTeam = HHS6XK7XH5;
						LastSwiftMigration = 0830;
						ProvisioningStyle = Automatic;
					};
				};
			};
			buildConfigurationList = 174813C51EFFFB8C00B58210 /* Build configuration list for PBXProject "UdemyPokeDecks" */;
			compatibilityVersion = "Xcode 3.2";
			developmentRegion = English;
			hasScannedForEncodings = 0;
			knownRegions = (
				en,
				Base,
			);
			mainGroup = 174813C11EFFFB8C00B58210;
			productRefGroup = 174813CB1EFFFB8C00B58210 /* Products */;
			projectDirPath = "";
			projectRoot = "";
			targets = (
				174813C91EFFFB8C00B58210 /* UdemyPokeDecks */,
			);
		};
/* End PBXProject section */

/* Begin PBXResourcesBuildPhase section */
		174813C81EFFFB8C00B58210 /* Resources */ = {
			isa = PBXResourcesBuildPhase;
			buildActionMask = 2147483647;
			files = (
				174813EB1F001BD500B58210 /* Pokemon Solid.ttf in Resources */,
				174813D81EFFFB8C00B58210 /* LaunchScreen.storyboard in Resources */,
				174813D51EFFFB8C00B58210 /* Assets.xcassets in Resources */,
				174813F01F001E9400B58210 /* Game_Of_Thrones_Main_Title-576202.mp3 in Resources */,
				174813E01F0003F700B58210 /* pokemon.csv in Resources */,
				174813D31EFFFB8C00B58210 /* Main.storyboard in Resources */,
			);
			runOnlyForDeploymentPostprocessing = 0;
		};
/* End PBXResourcesBuildPhase section */

/* Begin PBXShellScriptBuildPhase section */
		0C4FB5154117C36F85E70CCF /* [CP] Check Pods Manifest.lock */ = {
			isa = PBXShellScriptBuildPhase;
			buildActionMask = 2147483647;
			files = (
			);
			inputPaths = (
			);
			name = "[CP] Check Pods Manifest.lock";
			outputPaths = (
			);
			runOnlyForDeploymentPostprocessing = 0;
			shellPath = /bin/sh;
			shellScript = "diff \"${PODS_PODFILE_DIR_PATH}/Podfile.lock\" \"${PODS_ROOT}/Manifest.lock\" > /dev/null\nif [ $? != 0 ] ; then\n    # print error to STDERR\n    echo \"error: The sandbox is not in sync with the Podfile.lock. Run 'pod install' or update your CocoaPods installation.\" >&2\n    exit 1\nfi\n";
			showEnvVarsInLog = 0;
		};
		9C59612C46376756CA1B17DD /* [CP] Copy Pods Resources */ = {
			isa = PBXShellScriptBuildPhase;
			buildActionMask = 2147483647;
			files = (
			);
			inputPaths = (
			);
			name = "[CP] Copy Pods Resources";
			outputPaths = (
			);
			runOnlyForDeploymentPostprocessing = 0;
			shellPath = /bin/sh;
			shellScript = "\"${SRCROOT}/Pods/Target Support Files/Pods-UdemyPokeDecks/Pods-UdemyPokeDecks-resources.sh\"\n";
			showEnvVarsInLog = 0;
		};
		B822282FFBA494F494A869FF /* [CP] Embed Pods Frameworks */ = {
			isa = PBXShellScriptBuildPhase;
			buildActionMask = 2147483647;
			files = (
			);
			inputPaths = (
			);
			name = "[CP] Embed Pods Frameworks";
			outputPaths = (
			);
			runOnlyForDeploymentPostprocessing = 0;
			shellPath = /bin/sh;
			shellScript = "\"${SRCROOT}/Pods/Target Support Files/Pods-UdemyPokeDecks/Pods-UdemyPokeDecks-frameworks.sh\"\n";
			showEnvVarsInLog = 0;
		};
/* End PBXShellScriptBuildPhase section */

/* Begin PBXSourcesBuildPhase section */
		174813C61EFFFB8C00B58210 /* Sources */ = {
			isa = PBXSourcesBuildPhase;
			buildActionMask = 2147483647;
			files = (
				174813E51F000E6B00B58210 /* PokeCell.swift in Sources */,
				174813D01EFFFB8C00B58210 /* ViewController.swift in Sources */,
				174813CE1EFFFB8C00B58210 /* AppDelegate.swift in Sources */,
				174813F21F0025F100B58210 /* PokemonDetailVC.swift in Sources */,
				17EB9AED1F01525100A636F4 /* Constants.swift in Sources */,
				174813E21F0004A400B58210 /* Pokemon.swift in Sources */,
				174813E81F00158200B58210 /* csv.swift in Sources */,
			);
			runOnlyForDeploymentPostprocessing = 0;
		};
/* End PBXSourcesBuildPhase section */

/* Begin PBXVariantGroup section */
		174813D11EFFFB8C00B58210 /* Main.storyboard */ = {
			isa = PBXVariantGroup;
			children = (
				174813D21EFFFB8C00B58210 /* Base */,
			);
			name = Main.storyboard;
			sourceTree = "<group>";
		};
		174813D61EFFFB8C00B58210 /* LaunchScreen.storyboard */ = {
			isa = PBXVariantGroup;
			children = (
				174813D71EFFFB8C00B58210 /* Base */,
			);
			name = LaunchScreen.storyboard;
			sourceTree = "<group>";
		};
/* End PBXVariantGroup section */

/* Begin XCBuildConfiguration section */
		174813DA1EFFFB8C00B58210 /* Debug */ = {
			isa = XCBuildConfiguration;
			buildSettings = {
				ALWAYS_SEARCH_USER_PATHS = NO;
				CLANG_ANALYZER_NONNULL = YES;
				CLANG_ANALYZER_NUMBER_OBJECT_CONVERSION = YES_AGGRESSIVE;
				CLANG_CXX_LANGUAGE_STANDARD = "gnu++0x";
				CLANG_CXX_LIBRARY = "libc++";
				CLANG_ENABLE_MODULES = YES;
				CLANG_ENABLE_OBJC_ARC = YES;
				CLANG_WARN_BOOL_CONVERSION = YES;
				CLANG_WARN_CONSTANT_CONVERSION = YES;
				CLANG_WARN_DIRECT_OBJC_ISA_USAGE = YES_ERROR;
				CLANG_WARN_DOCUMENTATION_COMMENTS = YES;
				CLANG_WARN_EMPTY_BODY = YES;
				CLANG_WARN_ENUM_CONVERSION = YES;
				CLANG_WARN_INFINITE_RECURSION = YES;
				CLANG_WARN_INT_CONVERSION = YES;
				CLANG_WARN_OBJC_ROOT_CLASS = YES_ERROR;
				CLANG_WARN_SUSPICIOUS_MOVE = YES;
				CLANG_WARN_UNREACHABLE_CODE = YES;
				CLANG_WARN__DUPLICATE_METHOD_MATCH = YES;
				"CODE_SIGN_IDENTITY[sdk=iphoneos*]" = "iPhone Developer";
				COPY_PHASE_STRIP = NO;
				DEBUG_INFORMATION_FORMAT = dwarf;
				ENABLE_STRICT_OBJC_MSGSEND = YES;
				ENABLE_TESTABILITY = YES;
				GCC_C_LANGUAGE_STANDARD = gnu99;
				GCC_DYNAMIC_NO_PIC = NO;
				GCC_NO_COMMON_BLOCKS = YES;
				GCC_OPTIMIZATION_LEVEL = 0;
				GCC_PREPROCESSOR_DEFINITIONS = (
					"DEBUG=1",
					"$(inherited)",
				);
				GCC_WARN_64_TO_32_BIT_CONVERSION = YES;
				GCC_WARN_ABOUT_RETURN_TYPE = YES_ERROR;
				GCC_WARN_UNDECLARED_SELECTOR = YES;
				GCC_WARN_UNINITIALIZED_AUTOS = YES_AGGRESSIVE;
				GCC_WARN_UNUSED_FUNCTION = YES;
				GCC_WARN_UNUSED_VARIABLE = YES;
				IPHONEOS_DEPLOYMENT_TARGET = 10.3;
				MTL_ENABLE_DEBUG_INFO = YES;
				ONLY_ACTIVE_ARCH = YES;
				SDKROOT = iphoneos;
				SWIFT_ACTIVE_COMPILATION_CONDITIONS = DEBUG;
				SWIFT_OPTIMIZATION_LEVEL = "-Onone";
			};
			name = Debug;
		};
		174813DB1EFFFB8C00B58210 /* Release */ = {
			isa = XCBuildConfiguration;
			buildSettings = {
				ALWAYS_SEARCH_USER_PATHS = NO;
				CLANG_ANALYZER_NONNULL = YES;
				CLANG_ANALYZER_NUMBER_OBJECT_CONVERSION = YES_AGGRESSIVE;
				CLANG_CXX_LANGUAGE_STANDARD = "gnu++0x";
				CLANG_CXX_LIBRARY = "libc++";
				CLANG_ENABLE_MODULES = YES;
				CLANG_ENABLE_OBJC_ARC = YES;
				CLANG_WARN_BOOL_CONVERSION = YES;
				CLANG_WARN_CONSTANT_CONVERSION = YES;
				CLANG_WARN_DIRECT_OBJC_ISA_USAGE = YES_ERROR;
				CLANG_WARN_DOCUMENTATION_COMMENTS = YES;
				CLANG_WARN_EMPTY_BODY = YES;
				CLANG_WARN_ENUM_CONVERSION = YES;
				CLANG_WARN_INFINITE_RECURSION = YES;
				CLANG_WARN_INT_CONVERSION = YES;
				CLANG_WARN_OBJC_ROOT_CLASS = YES_ERROR;
				CLANG_WARN_SUSPICIOUS_MOVE = YES;
				CLANG_WARN_UNREACHABLE_CODE = YES;
				CLANG_WARN__DUPLICATE_METHOD_MATCH = YES;
				"CODE_SIGN_IDENTITY[sdk=iphoneos*]" = "iPhone Developer";
				COPY_PHASE_STRIP = NO;
				DEBUG_INFORMATION_FORMAT = "dwarf-with-dsym";
				ENABLE_NS_ASSERTIONS = NO;
				ENABLE_STRICT_OBJC_MSGSEND = YES;
				GCC_C_LANGUAGE_STANDARD = gnu99;
				GCC_NO_COMMON_BLOCKS = YES;
				GCC_WARN_64_TO_32_BIT_CONVERSION = YES;
				GCC_WARN_ABOUT_RETURN_TYPE = YES_ERROR;
				GCC_WARN_UNDECLARED_SELECTOR = YES;
				GCC_WARN_UNINITIALIZED_AUTOS = YES_AGGRESSIVE;
				GCC_WARN_UNUSED_FUNCTION = YES;
				GCC_WARN_UNUSED_VARIABLE = YES;
				IPHONEOS_DEPLOYMENT_TARGET = 10.3;
				MTL_ENABLE_DEBUG_INFO = NO;
				SDKROOT = iphoneos;
				SWIFT_OPTIMIZATION_LEVEL = "-Owholemodule";
				VALIDATE_PRODUCT = YES;
			};
			name = Release;
		};
		174813DD1EFFFB8C00B58210 /* Debug */ = {
			isa = XCBuildConfiguration;
			baseConfigurationReference = CAAAD7699E2F4389943DA858 /* Pods-UdemyPokeDecks.debug.xcconfig */;
			buildSettings = {
				ASSETCATALOG_COMPILER_APPICON_NAME = AppIcon;
				DEVELOPMENT_TEAM = HHS6XK7XH5;
				INFOPLIST_FILE = UdemyPokeDecks/Info.plist;
				LD_RUNPATH_SEARCH_PATHS = "$(inherited) @executable_path/Frameworks";
				PRODUCT_BUNDLE_IDENTIFIER = lilyhoffman.UdemyPokeDecks;
				PRODUCT_NAME = "$(TARGET_NAME)";
				SWIFT_VERSION = 3.0;
			};
			name = Debug;
		};
		174813DE1EFFFB8C00B58210 /* Release */ = {
			isa = XCBuildConfiguration;
			baseConfigurationReference = FF42C9C5E7F77BE3AD2D4A2D /* Pods-UdemyPokeDecks.release.xcconfig */;
			buildSettings = {
				ASSETCATALOG_COMPILER_APPICON_NAME = AppIcon;
				DEVELOPMENT_TEAM = HHS6XK7XH5;
				INFOPLIST_FILE = UdemyPokeDecks/Info.plist;
				LD_RUNPATH_SEARCH_PATHS = "$(inherited) @executable_path/Frameworks";
				PRODUCT_BUNDLE_IDENTIFIER = lilyhoffman.UdemyPokeDecks;
				PRODUCT_NAME = "$(TARGET_NAME)";
				SWIFT_VERSION = 3.0;
			};
			name = Release;
		};
/* End XCBuildConfiguration section */

/* Begin XCConfigurationList section */
		174813C51EFFFB8C00B58210 /* Build configuration list for PBXProject "UdemyPokeDecks" */ = {
			isa = XCConfigurationList;
			buildConfigurations = (
				174813DA1EFFFB8C00B58210 /* Debug */,
				174813DB1EFFFB8C00B58210 /* Release */,
			);
			defaultConfigurationIsVisible = 0;
			defaultConfigurationName = Release;
		};
		174813DC1EFFFB8C00B58210 /* Build configuration list for PBXNativeTarget "UdemyPokeDecks" */ = {
			isa = XCConfigurationList;
			buildConfigurations = (
				174813DD1EFFFB8C00B58210 /* Debug */,
				174813DE1EFFFB8C00B58210 /* Release */,
			);
			defaultConfigurationIsVisible = 0;
			defaultConfigurationName = Release;
		};
/* End XCConfigurationList section */
	};
	rootObject = 174813C21EFFFB8C00B58210 /* Project object */;
}
